// !$*UTF8*$!
{
	archiveVersion = 1;
	classes = {
	};
	objectVersion = 50;
	objects = {

/* Begin PBXBuildFile section */
		1CF313552541BFC800D79116 /* AppDelegate.swift in Sources */ = {isa = PBXBuildFile; fileRef = 1CF313542541BFC800D79116 /* AppDelegate.swift */; };
		1CF313572541BFC800D79116 /* SceneDelegate.swift in Sources */ = {isa = PBXBuildFile; fileRef = 1CF313562541BFC800D79116 /* SceneDelegate.swift */; };
		1CF313592541BFC800D79116 /* ViewController.swift in Sources */ = {isa = PBXBuildFile; fileRef = 1CF313582541BFC800D79116 /* ViewController.swift */; };
		1CF3135C2541BFC800D79116 /* Main.storyboard in Resources */ = {isa = PBXBuildFile; fileRef = 1CF3135A2541BFC800D79116 /* Main.storyboard */; };
		1CF3135E2541BFC900D79116 /* Assets.xcassets in Resources */ = {isa = PBXBuildFile; fileRef = 1CF3135D2541BFC900D79116 /* Assets.xcassets */; };
		1CF313612541BFC900D79116 /* LaunchScreen.storyboard in Resources */ = {isa = PBXBuildFile; fileRef = 1CF3135F2541BFC900D79116 /* LaunchScreen.storyboard */; };
		1CF3136C2541BFC900D79116 /* HW2Tests.swift in Sources */ = {isa = PBXBuildFile; fileRef = 1CF3136B2541BFC900D79116 /* HW2Tests.swift */; };
		1CF313772541BFC900D79116 /* HW2UITests.swift in Sources */ = {isa = PBXBuildFile; fileRef = 1CF313762541BFC900D79116 /* HW2UITests.swift */; };
/* End PBXBuildFile section */

/* Begin PBXContainerItemProxy section */
		1CF313682541BFC900D79116 /* PBXContainerItemProxy */ = {
			isa = PBXContainerItemProxy;
			containerPortal = 1CF313492541BFC800D79116 /* Project object */;
			proxyType = 1;
			remoteGlobalIDString = 1CF313502541BFC800D79116;
			remoteInfo = HW2;
		};
		1CF313732541BFC900D79116 /* PBXContainerItemProxy */ = {
			isa = PBXContainerItemProxy;
			containerPortal = 1CF313492541BFC800D79116 /* Project object */;
			proxyType = 1;
			remoteGlobalIDString = 1CF313502541BFC800D79116;
			remoteInfo = HW2;
		};
/* End PBXContainerItemProxy section */

/* Begin PBXFileReference section */
		1CF313512541BFC800D79116 /* HW2.app */ = {isa = PBXFileReference; explicitFileType = wrapper.application; includeInIndex = 0; path = HW2.app; sourceTree = BUILT_PRODUCTS_DIR; };
		1CF313542541BFC800D79116 /* AppDelegate.swift */ = {isa = PBXFileReference; lastKnownFileType = sourcecode.swift; path = AppDelegate.swift; sourceTree = "<group>"; };
		1CF313562541BFC800D79116 /* SceneDelegate.swift */ = {isa = PBXFileReference; lastKnownFileType = sourcecode.swift; path = SceneDelegate.swift; sourceTree = "<group>"; };
		1CF313582541BFC800D79116 /* ViewController.swift */ = {isa = PBXFileReference; lastKnownFileType = sourcecode.swift; path = ViewController.swift; sourceTree = "<group>"; };
		1CF3135B2541BFC800D79116 /* Base */ = {isa = PBXFileReference; lastKnownFileType = file.storyboard; name = Base; path = Base.lproj/Main.storyboard; sourceTree = "<group>"; };
		1CF3135D2541BFC900D79116 /* Assets.xcassets */ = {isa = PBXFileReference; lastKnownFileType = folder.assetcatalog; path = Assets.xcassets; sourceTree = "<group>"; };
		1CF313602541BFC900D79116 /* Base */ = {isa = PBXFileReference; lastKnownFileType = file.storyboard; name = Base; path = Base.lproj/LaunchScreen.storyboard; sourceTree = "<group>"; };
		1CF313622541BFC900D79116 /* Info.plist */ = {isa = PBXFileReference; lastKnownFileType = text.plist.xml; path = Info.plist; sourceTree = "<group>"; };
		1CF313672541BFC900D79116 /* HW2Tests.xctest */ = {isa = PBXFileReference; explicitFileType = wrapper.cfbundle; includeInIndex = 0; path = HW2Tests.xctest; sourceTree = BUILT_PRODUCTS_DIR; };
		1CF3136B2541BFC900D79116 /* HW2Tests.swift */ = {isa = PBXFileReference; lastKnownFileType = sourcecode.swift; path = HW2Tests.swift; sourceTree = "<group>"; };
		1CF3136D2541BFC900D79116 /* Info.plist */ = {isa = PBXFileReference; lastKnownFileType = text.plist.xml; path = Info.plist; sourceTree = "<group>"; };
		1CF313722541BFC900D79116 /* HW2UITests.xctest */ = {isa = PBXFileReference; explicitFileType = wrapper.cfbundle; includeInIndex = 0; path = HW2UITests.xctest; sourceTree = BUILT_PRODUCTS_DIR; };
		1CF313762541BFC900D79116 /* HW2UITests.swift */ = {isa = PBXFileReference; lastKnownFileType = sourcecode.swift; path = HW2UITests.swift; sourceTree = "<group>"; };
		1CF313782541BFC900D79116 /* Info.plist */ = {isa = PBXFileReference; lastKnownFileType = text.plist.xml; path = Info.plist; sourceTree = "<group>"; };
/* End PBXFileReference section */

/* Begin PBXFrameworksBuildPhase section */
		1CF3134E2541BFC800D79116 /* Frameworks */ = {
			isa = PBXFrameworksBuildPhase;
			buildActionMask = 2147483647;
			files = (
			);
			runOnlyForDeploymentPostprocessing = 0;
		};
		1CF313642541BFC900D79116 /* Frameworks */ = {
			isa = PBXFrameworksBuildPhase;
			buildActionMask = 2147483647;
			files = (
			);
			runOnlyForDeploymentPostprocessing = 0;
		};
		1CF3136F2541BFC900D79116 /* Frameworks */ = {
			isa = PBXFrameworksBuildPhase;
			buildActionMask = 2147483647;
			files = (
			);
			runOnlyForDeploymentPostprocessing = 0;
		};
/* End PBXFrameworksBuildPhase section */

/* Begin PBXGroup section */
		1CF313482541BFC800D79116 = {
			isa = PBXGroup;
			children = (
				1CF313532541BFC800D79116 /* HW2 */,
				1CF3136A2541BFC900D79116 /* HW2Tests */,
				1CF313752541BFC900D79116 /* HW2UITests */,
				1CF313522541BFC800D79116 /* Products */,
			);
			sourceTree = "<group>";
		};
		1CF313522541BFC800D79116 /* Products */ = {
			isa = PBXGroup;
			children = (
				1CF313512541BFC800D79116 /* HW2.app */,
				1CF313672541BFC900D79116 /* HW2Tests.xctest */,
				1CF313722541BFC900D79116 /* HW2UITests.xctest */,
			);
			name = Products;
			sourceTree = "<group>";
		};
		1CF313532541BFC800D79116 /* HW2 */ = {
			isa = PBXGroup;
			children = (
				1CF313542541BFC800D79116 /* AppDelegate.swift */,
				1CF313562541BFC800D79116 /* SceneDelegate.swift */,
				1CF313582541BFC800D79116 /* ViewController.swift */,
				1CF3135A2541BFC800D79116 /* Main.storyboard */,
				1CF3135D2541BFC900D79116 /* Assets.xcassets */,
				1CF3135F2541BFC900D79116 /* LaunchScreen.storyboard */,
				1CF313622541BFC900D79116 /* Info.plist */,
			);
			path = HW2;
			sourceTree = "<group>";
		};
		1CF3136A2541BFC900D79116 /* HW2Tests */ = {
			isa = PBXGroup;
			children = (
				1CF3136B2541BFC900D79116 /* HW2Tests.swift */,
				1CF3136D2541BFC900D79116 /* Info.plist */,
			);
			path = HW2Tests;
			sourceTree = "<group>";
		};
		1CF313752541BFC900D79116 /* HW2UITests */ = {
			isa = PBXGroup;
			children = (
				1CF313762541BFC900D79116 /* HW2UITests.swift */,
				1CF313782541BFC900D79116 /* Info.plist */,
			);
			path = HW2UITests;
			sourceTree = "<group>";
		};
/* End PBXGroup section */

/* Begin PBXNativeTarget section */
		1CF313502541BFC800D79116 /* HW2 */ = {
			isa = PBXNativeTarget;
			buildConfigurationList = 1CF3137B2541BFC900D79116 /* Build configuration list for PBXNativeTarget "HW2" */;
			buildPhases = (
				1CF3134D2541BFC800D79116 /* Sources */,
				1CF3134E2541BFC800D79116 /* Frameworks */,
				1CF3134F2541BFC800D79116 /* Resources */,
			);
			buildRules = (
			);
			dependencies = (
			);
			name = HW2;
			productName = HW2;
			productReference = 1CF313512541BFC800D79116 /* HW2.app */;
			productType = "com.apple.product-type.application";
		};
		1CF313662541BFC900D79116 /* HW2Tests */ = {
			isa = PBXNativeTarget;
			buildConfigurationList = 1CF3137E2541BFC900D79116 /* Build configuration list for PBXNativeTarget "HW2Tests" */;
			buildPhases = (
				1CF313632541BFC900D79116 /* Sources */,
				1CF313642541BFC900D79116 /* Frameworks */,
				1CF313652541BFC900D79116 /* Resources */,
			);
			buildRules = (
			);
			dependencies = (
				1CF313692541BFC900D79116 /* PBXTargetDependency */,
			);
			name = HW2Tests;
			productName = HW2Tests;
			productReference = 1CF313672541BFC900D79116 /* HW2Tests.xctest */;
			productType = "com.apple.product-type.bundle.unit-test";
		};
		1CF313712541BFC900D79116 /* HW2UITests */ = {
			isa = PBXNativeTarget;
			buildConfigurationList = 1CF313812541BFC900D79116 /* Build configuration list for PBXNativeTarget "HW2UITests" */;
			buildPhases = (
				1CF3136E2541BFC900D79116 /* Sources */,
				1CF3136F2541BFC900D79116 /* Frameworks */,
				1CF313702541BFC900D79116 /* Resources */,
			);
			buildRules = (
			);
			dependencies = (
				1CF313742541BFC900D79116 /* PBXTargetDependency */,
			);
			name = HW2UITests;
			productName = HW2UITests;
			productReference = 1CF313722541BFC900D79116 /* HW2UITests.xctest */;
			productType = "com.apple.product-type.bundle.ui-testing";
		};
/* End PBXNativeTarget section */

/* Begin PBXProject section */
		1CF313492541BFC800D79116 /* Project object */ = {
			isa = PBXProject;
			attributes = {
				LastSwiftUpdateCheck = 1210;
				LastUpgradeCheck = 1210;
				TargetAttributes = {
					1CF313502541BFC800D79116 = {
						CreatedOnToolsVersion = 12.1;
					};
					1CF313662541BFC900D79116 = {
						CreatedOnToolsVersion = 12.1;
						TestTargetID = 1CF313502541BFC800D79116;
					};
					1CF313712541BFC900D79116 = {
						CreatedOnToolsVersion = 12.1;
						TestTargetID = 1CF313502541BFC800D79116;
					};
				};
			};
			buildConfigurationList = 1CF3134C2541BFC800D79116 /* Build configuration list for PBXProject "HW2" */;
			compatibilityVersion = "Xcode 9.3";
			developmentRegion = en;
			hasScannedForEncodings = 0;
			knownRegions = (
				en,
				Base,
			);
			mainGroup = 1CF313482541BFC800D79116;
			productRefGroup = 1CF313522541BFC800D79116 /* Products */;
			projectDirPath = "";
			projectRoot = "";
			targets = (
				1CF313502541BFC800D79116 /* HW2 */,
				1CF313662541BFC900D79116 /* HW2Tests */,
				1CF313712541BFC900D79116 /* HW2UITests */,
			);
		};
/* End PBXProject section */

/* Begin PBXResourcesBuildPhase section */
		1CF3134F2541BFC800D79116 /* Resources */ = {
			isa = PBXResourcesBuildPhase;
			buildActionMask = 2147483647;
			files = (
				1CF313612541BFC900D79116 /* LaunchScreen.storyboard in Resources */,
				1CF3135E2541BFC900D79116 /* Assets.xcassets in Resources */,
				1CF3135C2541BFC800D79116 /* Main.storyboard in Resources */,
			);
			runOnlyForDeploymentPostprocessing = 0;
		};
		1CF313652541BFC900D79116 /* Resources */ = {
			isa = PBXResourcesBuildPhase;
			buildActionMask = 2147483647;
			files = (
			);
			runOnlyForDeploymentPostprocessing = 0;
		};
		1CF313702541BFC900D79116 /* Resources */ = {
			isa = PBXResourcesBuildPhase;
			buildActionMask = 2147483647;
			files = (
			);
			runOnlyForDeploymentPostprocessing = 0;
		};
/* End PBXResourcesBuildPhase section */

/* Begin PBXSourcesBuildPhase section */
		1CF3134D2541BFC800D79116 /* Sources */ = {
			isa = PBXSourcesBuildPhase;
			buildActionMask = 2147483647;
			files = (
				1CF313592541BFC800D79116 /* ViewController.swift in Sources */,
				1CF313552541BFC800D79116 /* AppDelegate.swift in Sources */,
				1CF313572541BFC800D79116 /* SceneDelegate.swift in Sources */,
			);
			runOnlyForDeploymentPostprocessing = 0;
		};
		1CF313632541BFC900D79116 /* Sources */ = {
			isa = PBXSourcesBuildPhase;
			buildActionMask = 2147483647;
			files = (
				1CF3136C2541BFC900D79116 /* HW2Tests.swift in Sources */,
			);
			runOnlyForDeploymentPostprocessing = 0;
		};
		1CF3136E2541BFC900D79116 /* Sources */ = {
			isa = PBXSourcesBuildPhase;
			buildActionMask = 2147483647;
			files = (
				1CF313772541BFC900D79116 /* HW2UITests.swift in Sources */,
			);
			runOnlyForDeploymentPostprocessing = 0;
		};
/* End PBXSourcesBuildPhase section */

/* Begin PBXTargetDependency section */
		1CF313692541BFC900D79116 /* PBXTargetDependency */ = {
			isa = PBXTargetDependency;
			target = 1CF313502541BFC800D79116 /* HW2 */;
			targetProxy = 1CF313682541BFC900D79116 /* PBXContainerItemProxy */;
		};
		1CF313742541BFC900D79116 /* PBXTargetDependency */ = {
			isa = PBXTargetDependency;
			target = 1CF313502541BFC800D79116 /* HW2 */;
			targetProxy = 1CF313732541BFC900D79116 /* PBXContainerItemProxy */;
		};
/* End PBXTargetDependency section */

/* Begin PBXVariantGroup section */
		1CF3135A2541BFC800D79116 /* Main.storyboard */ = {
			isa = PBXVariantGroup;
			children = (
				1CF3135B2541BFC800D79116 /* Base */,
			);
			name = Main.storyboard;
			sourceTree = "<group>";
		};
		1CF3135F2541BFC900D79116 /* LaunchScreen.storyboard */ = {
			isa = PBXVariantGroup;
			children = (
				1CF313602541BFC900D79116 /* Base */,
			);
			name = LaunchScreen.storyboard;
			sourceTree = "<group>";
		};
/* End PBXVariantGroup section */

/* Begin XCBuildConfiguration section */
		1CF313792541BFC900D79116 /* Debug */ = {
			isa = XCBuildConfiguration;
			buildSettings = {
				ALWAYS_SEARCH_USER_PATHS = NO;
				CLANG_ANALYZER_NONNULL = YES;
				CLANG_ANALYZER_NUMBER_OBJECT_CONVERSION = YES_AGGRESSIVE;
				CLANG_CXX_LANGUAGE_STANDARD = "gnu++14";
				CLANG_CXX_LIBRARY = "libc++";
				CLANG_ENABLE_MODULES = YES;
				CLANG_ENABLE_OBJC_ARC = YES;
				CLANG_ENABLE_OBJC_WEAK = YES;
				CLANG_WARN_BLOCK_CAPTURE_AUTORELEASING = YES;
				CLANG_WARN_BOOL_CONVERSION = YES;
				CLANG_WARN_COMMA = YES;
				CLANG_WARN_CONSTANT_CONVERSION = YES;
				CLANG_WARN_DEPRECATED_OBJC_IMPLEMENTATIONS = YES;
				CLANG_WARN_DIRECT_OBJC_ISA_USAGE = YES_ERROR;
				CLANG_WARN_DOCUMENTATION_COMMENTS = YES;
				CLANG_WARN_EMPTY_BODY = YES;
				CLANG_WARN_ENUM_CONVERSION = YES;
				CLANG_WARN_INFINITE_RECURSION = YES;
				CLANG_WARN_INT_CONVERSION = YES;
				CLANG_WARN_NON_LITERAL_NULL_CONVERSION = YES;
				CLANG_WARN_OBJC_IMPLICIT_RETAIN_SELF = YES;
				CLANG_WARN_OBJC_LITERAL_CONVERSION = YES;
				CLANG_WARN_OBJC_ROOT_CLASS = YES_ERROR;
				CLANG_WARN_QUOTED_INCLUDE_IN_FRAMEWORK_HEADER = YES;
				CLANG_WARN_RANGE_LOOP_ANALYSIS = YES;
				CLANG_WARN_STRICT_PROTOTYPES = YES;
				CLANG_WARN_SUSPICIOUS_MOVE = YES;
				CLANG_WARN_UNGUARDED_AVAILABILITY = YES_AGGRESSIVE;
				CLANG_WARN_UNREACHABLE_CODE = YES;
				CLANG_WARN__DUPLICATE_METHOD_MATCH = YES;
				COPY_PHASE_STRIP = NO;
				DEBUG_INFORMATION_FORMAT = dwarf;
				ENABLE_STRICT_OBJC_MSGSEND = YES;
				ENABLE_TESTABILITY = YES;
				GCC_C_LANGUAGE_STANDARD = gnu11;
				GCC_DYNAMIC_NO_PIC = NO;
				GCC_NO_COMMON_BLOCKS = YES;
				GCC_OPTIMIZATION_LEVEL = 0;
				GCC_PREPROCESSOR_DEFINITIONS = (
					"DEBUG=1",
					"$(inherited)",
				);
				GCC_WARN_64_TO_32_BIT_CONVERSION = YES;
				GCC_WARN_ABOUT_RETURN_TYPE = YES_ERROR;
				GCC_WARN_UNDECLARED_SELECTOR = YES;
				GCC_WARN_UNINITIALIZED_AUTOS = YES_AGGRESSIVE;
				GCC_WARN_UNUSED_FUNCTION = YES;
				GCC_WARN_UNUSED_VARIABLE = YES;
				IPHONEOS_DEPLOYMENT_TARGET = 14.1;
				MTL_ENABLE_DEBUG_INFO = INCLUDE_SOURCE;
				MTL_FAST_MATH = YES;
				ONLY_ACTIVE_ARCH = YES;
				SDKROOT = iphoneos;
				SWIFT_ACTIVE_COMPILATION_CONDITIONS = DEBUG;
				SWIFT_OPTIMIZATION_LEVEL = "-Onone";
			};
			name = Debug;
		};
		1CF3137A2541BFC900D79116 /* Release */ = {
			isa = XCBuildConfiguration;
			buildSettings = {
				ALWAYS_SEARCH_USER_PATHS = NO;
				CLANG_ANALYZER_NONNULL = YES;
				CLANG_ANALYZER_NUMBER_OBJECT_CONVERSION = YES_AGGRESSIVE;
				CLANG_CXX_LANGUAGE_STANDARD = "gnu++14";
				CLANG_CXX_LIBRARY = "libc++";
				CLANG_ENABLE_MODULES = YES;
				CLANG_ENABLE_OBJC_ARC = YES;
				CLANG_ENABLE_OBJC_WEAK = YES;
				CLANG_WARN_BLOCK_CAPTURE_AUTORELEASING = YES;
				CLANG_WARN_BOOL_CONVERSION = YES;
				CLANG_WARN_COMMA = YES;
				CLANG_WARN_CONSTANT_CONVERSION = YES;
				CLANG_WARN_DEPRECATED_OBJC_IMPLEMENTATIONS = YES;
				CLANG_WARN_DIRECT_OBJC_ISA_USAGE = YES_ERROR;
				CLANG_WARN_DOCUMENTATION_COMMENTS = YES;
				CLANG_WARN_EMPTY_BODY = YES;
				CLANG_WARN_ENUM_CONVERSION = YES;
				CLANG_WARN_INFINITE_RECURSION = YES;
				CLANG_WARN_INT_CONVERSION = YES;
				CLANG_WARN_NON_LITERAL_NULL_CONVERSION = YES;
				CLANG_WARN_OBJC_IMPLICIT_RETAIN_SELF = YES;
				CLANG_WARN_OBJC_LITERAL_CONVERSION = YES;
				CLANG_WARN_OBJC_ROOT_CLASS = YES_ERROR;
				CLANG_WARN_QUOTED_INCLUDE_IN_FRAMEWORK_HEADER = YES;
				CLANG_WARN_RANGE_LOOP_ANALYSIS = YES;
				CLANG_WARN_STRICT_PROTOTYPES = YES;
				CLANG_WARN_SUSPICIOUS_MOVE = YES;
				CLANG_WARN_UNGUARDED_AVAILABILITY = YES_AGGRESSIVE;
				CLANG_WARN_UNREACHABLE_CODE = YES;
				CLANG_WARN__DUPLICATE_METHOD_MATCH = YES;
				COPY_PHASE_STRIP = NO;
				DEBUG_INFORMATION_FORMAT = "dwarf-with-dsym";
				ENABLE_NS_ASSERTIONS = NO;
				ENABLE_STRICT_OBJC_MSGSEND = YES;
				GCC_C_LANGUAGE_STANDARD = gnu11;
				GCC_NO_COMMON_BLOCKS = YES;
				GCC_WARN_64_TO_32_BIT_CONVERSION = YES;
				GCC_WARN_ABOUT_RETURN_TYPE = YES_ERROR;
				GCC_WARN_UNDECLARED_SELECTOR = YES;
				GCC_WARN_UNINITIALIZED_AUTOS = YES_AGGRESSIVE;
				GCC_WARN_UNUSED_FUNCTION = YES;
				GCC_WARN_UNUSED_VARIABLE = YES;
				IPHONEOS_DEPLOYMENT_TARGET = 14.1;
				MTL_ENABLE_DEBUG_INFO = NO;
				MTL_FAST_MATH = YES;
				SDKROOT = iphoneos;
				SWIFT_COMPILATION_MODE = wholemodule;
				SWIFT_OPTIMIZATION_LEVEL = "-O";
				VALIDATE_PRODUCT = YES;
			};
			name = Release;
		};
		1CF3137C2541BFC900D79116 /* Debug */ = {
			isa = XCBuildConfiguration;
			buildSettings = {
				ASSETCATALOG_COMPILER_APPICON_NAME = AppIcon;
				ASSETCATALOG_COMPILER_GLOBAL_ACCENT_COLOR_NAME = AccentColor;
				CODE_SIGN_STYLE = Automatic;
				INFOPLIST_FILE = HW2/Info.plist;
				LD_RUNPATH_SEARCH_PATHS = (
					"$(inherited)",
					"@executable_path/Frameworks",
				);
				PRODUCT_BUNDLE_IDENTIFIER = haeseok.HW2;
				PRODUCT_NAME = "$(TARGET_NAME)";
				SWIFT_VERSION = 5.0;
				TARGETED_DEVICE_FAMILY = "1,2";
			};
			name = Debug;
		};
		1CF3137D2541BFC900D79116 /* Release */ = {
			isa = XCBuildConfiguration;
			buildSettings = {
				ASSETCATALOG_COMPILER_APPICON_NAME = AppIcon;
				ASSETCATALOG_COMPILER_GLOBAL_ACCENT_COLOR_NAME = AccentColor;
				CODE_SIGN_STYLE = Automatic;
				INFOPLIST_FILE = HW2/Info.plist;
				LD_RUNPATH_SEARCH_PATHS = (
					"$(inherited)",
					"@executable_path/Frameworks",
				);
				PRODUCT_BUNDLE_IDENTIFIER = haeseok.HW2;
				PRODUCT_NAME = "$(TARGET_NAME)";
				SWIFT_VERSION = 5.0;
				TARGETED_DEVICE_FAMILY = "1,2";
			};
			name = Release;
		};
		1CF3137F2541BFC900D79116 /* Debug */ = {
			isa = XCBuildConfiguration;
			buildSettings = {
				ALWAYS_EMBED_SWIFT_STANDARD_LIBRARIES = YES;
				BUNDLE_LOADER = "$(TEST_HOST)";
				CODE_SIGN_STYLE = Automatic;
				INFOPLIST_FILE = HW2Tests/Info.plist;
				IPHONEOS_DEPLOYMENT_TARGET = 14.1;
				LD_RUNPATH_SEARCH_PATHS = (
					"$(inherited)",
					"@executable_path/Frameworks",
					"@loader_path/Frameworks",
				);
				PRODUCT_BUNDLE_IDENTIFIER = haeseok.HW2Tests;
				PRODUCT_NAME = "$(TARGET_NAME)";
				SWIFT_VERSION = 5.0;
				TARGETED_DEVICE_FAMILY = "1,2";
				TEST_HOST = "$(BUILT_PRODUCTS_DIR)/HW2.app/HW2";
			};
			name = Debug;
		};
		1CF313802541BFC900D79116 /* Release */ = {
			isa = XCBuildConfiguration;
			buildSettings = {
				ALWAYS_EMBED_SWIFT_STANDARD_LIBRARIES = YES;
				BUNDLE_LOADER = "$(TEST_HOST)";
				CODE_SIGN_STYLE = Automatic;
				INFOPLIST_FILE = HW2Tests/Info.plist;
				IPHONEOS_DEPLOYMENT_TARGET = 14.1;
				LD_RUNPATH_SEARCH_PATHS = (
					"$(inherited)",
					"@executable_path/Frameworks",
					"@loader_path/Frameworks",
				);
				PRODUCT_BUNDLE_IDENTIFIER = haeseok.HW2Tests;
				PRODUCT_NAME = "$(TARGET_NAME)";
				SWIFT_VERSION = 5.0;
				TARGETED_DEVICE_FAMILY = "1,2";
				TEST_HOST = "$(BUILT_PRODUCTS_DIR)/HW2.app/HW2";
			};
			name = Release;
		};
		1CF313822541BFC900D79116 /* Debug */ = {
			isa = XCBuildConfiguration;
			buildSettings = {
				ALWAYS_EMBED_SWIFT_STANDARD_LIBRARIES = YES;
				CODE_SIGN_STYLE = Automatic;
				INFOPLIST_FILE = HW2UITests/Info.plist;
				LD_RUNPATH_SEARCH_PATHS = (
					"$(inherited)",
					"@executable_path/Frameworks",
					"@loader_path/Frameworks",
				);
				PRODUCT_BUNDLE_IDENTIFIER = haeseok.HW2UITests;
				PRODUCT_NAME = "$(TARGET_NAME)";
				SWIFT_VERSION = 5.0;
				TARGETED_DEVICE_FAMILY = "1,2";
				TEST_TARGET_NAME = HW2;
			};
			name = Debug;
		};
		1CF313832541BFC900D79116 /* Release */ = {
			isa = XCBuildConfiguration;
			buildSettings = {
				ALWAYS_EMBED_SWIFT_STANDARD_LIBRARIES = YES;
				CODE_SIGN_STYLE = Automatic;
				INFOPLIST_FILE = HW2UITests/Info.plist;
				LD_RUNPATH_SEARCH_PATHS = (
					"$(inherited)",
					"@executable_path/Frameworks",
					"@loader_path/Frameworks",
				);
				PRODUCT_BUNDLE_IDENTIFIER = haeseok.HW2UITests;
				PRODUCT_NAME = "$(TARGET_NAME)";
				SWIFT_VERSION = 5.0;
				TARGETED_DEVICE_FAMILY = "1,2";
				TEST_TARGET_NAME = HW2;
			};
			name = Release;
		};
/* End XCBuildConfiguration section */

/* Begin XCConfigurationList section */
		1CF3134C2541BFC800D79116 /* Build configuration list for PBXProject "HW2" */ = {
			isa = XCConfigurationList;
			buildConfigurations = (
				1CF313792541BFC900D79116 /* Debug */,
				1CF3137A2541BFC900D79116 /* Release */,
			);
			defaultConfigurationIsVisible = 0;
			defaultConfigurationName = Release;
		};
		1CF3137B2541BFC900D79116 /* Build configuration list for PBXNativeTarget "HW2" */ = {
			isa = XCConfigurationList;
			buildConfigurations = (
				1CF3137C2541BFC900D79116 /* Debug */,
				1CF3137D2541BFC900D79116 /* Release */,
			);
			defaultConfigurationIsVisible = 0;
			defaultConfigurationName = Release;
		};
		1CF3137E2541BFC900D79116 /* Build configuration list for PBXNativeTarget "HW2Tests" */ = {
			isa = XCConfigurationList;
			buildConfigurations = (
				1CF3137F2541BFC900D79116 /* Debug */,
				1CF313802541BFC900D79116 /* Release */,
			);
			defaultConfigurationIsVisible = 0;
			defaultConfigurationName = Release;
		};
		1CF313812541BFC900D79116 /* Build configuration list for PBXNativeTarget "HW2UITests" */ = {
			isa = XCConfigurationList;
			buildConfigurations = (
				1CF313822541BFC900D79116 /* Debug */,
				1CF313832541BFC900D79116 /* Release */,
			);
			defaultConfigurationIsVisible = 0;
			defaultConfigurationName = Release;
		};
/* End XCConfigurationList section */
	};
	rootObject = 1CF313492541BFC800D79116 /* Project object */;
}
