// !$*UTF8*$!
{
	archiveVersion = 1;
	classes = {
	};
	objectVersion = 50;
	objects = {

/* Begin PBXBuildFile section */
		1C175873255D81B9004B91E5 /* AppDelegate.swift in Sources */ = {isa = PBXBuildFile; fileRef = 1C175872255D81B9004B91E5 /* AppDelegate.swift */; };
		1C175875255D81B9004B91E5 /* SceneDelegate.swift in Sources */ = {isa = PBXBuildFile; fileRef = 1C175874255D81B9004B91E5 /* SceneDelegate.swift */; };
		1C175877255D81B9004B91E5 /* ProfileViewController.swift in Sources */ = {isa = PBXBuildFile; fileRef = 1C175876255D81B9004B91E5 /* ProfileViewController.swift */; };
		1C17587A255D81B9004B91E5 /* Main.storyboard in Resources */ = {isa = PBXBuildFile; fileRef = 1C175878255D81B9004B91E5 /* Main.storyboard */; };
		1C17587C255D81B9004B91E5 /* Assets.xcassets in Resources */ = {isa = PBXBuildFile; fileRef = 1C17587B255D81B9004B91E5 /* Assets.xcassets */; };
		1C17587F255D81B9004B91E5 /* LaunchScreen.storyboard in Resources */ = {isa = PBXBuildFile; fileRef = 1C17587D255D81B9004B91E5 /* LaunchScreen.storyboard */; };
		1C17588A255D81BA004B91E5 /* HW4Tests.swift in Sources */ = {isa = PBXBuildFile; fileRef = 1C175889255D81BA004B91E5 /* HW4Tests.swift */; };
		1C175895255D81BA004B91E5 /* HW4UITests.swift in Sources */ = {isa = PBXBuildFile; fileRef = 1C175894255D81BA004B91E5 /* HW4UITests.swift */; };
		1C1758A6255DA88F004B91E5 /* Constants.swift in Sources */ = {isa = PBXBuildFile; fileRef = 1C1758A5255DA88F004B91E5 /* Constants.swift */; };
		1C1758B2255DA8FC004B91E5 /* Profile.swift in Sources */ = {isa = PBXBuildFile; fileRef = 1C1758B1255DA8FC004B91E5 /* Profile.swift */; };
		1C1758C1255DA93B004B91E5 /* ProfileCell.swift in Sources */ = {isa = PBXBuildFile; fileRef = 1C1758C0255DA93B004B91E5 /* ProfileCell.swift */; };
		1C1758D1255DACCD004B91E5 /* BannerHeaderView.swift in Sources */ = {isa = PBXBuildFile; fileRef = 1C1758D0255DACCD004B91E5 /* BannerHeaderView.swift */; };
		1C1758DC255DAE35004B91E5 /* MainViewController.swift in Sources */ = {isa = PBXBuildFile; fileRef = 1C1758DB255DAE35004B91E5 /* MainViewController.swift */; };
		1C20401F255E64F900B31DE0 /* LoginViewController.swift in Sources */ = {isa = PBXBuildFile; fileRef = 1C20401E255E64F900B31DE0 /* LoginViewController.swift */; };
		6BCF93C8496348A7FD279528 /* Pods_HW4Tests.framework in Frameworks */ = {isa = PBXBuildFile; fileRef = 7D73AA3BAC51EC3536BB89EC /* Pods_HW4Tests.framework */; };
		DDF3231EBA076F81A0DFB33C /* Pods_HW4.framework in Frameworks */ = {isa = PBXBuildFile; fileRef = 0EFA43BF91A0A4F66F7CBC0F /* Pods_HW4.framework */; };
		FF2345D80F147C8145CCFA6E /* Pods_HW4_HW4UITests.framework in Frameworks */ = {isa = PBXBuildFile; fileRef = 068929ED2263AC443DF7DFB3 /* Pods_HW4_HW4UITests.framework */; };
/* End PBXBuildFile section */

/* Begin PBXContainerItemProxy section */
		1C175886255D81BA004B91E5 /* PBXContainerItemProxy */ = {
			isa = PBXContainerItemProxy;
			containerPortal = 1C175867255D81B9004B91E5 /* Project object */;
			proxyType = 1;
			remoteGlobalIDString = 1C17586E255D81B9004B91E5;
			remoteInfo = HW4;
		};
		1C175891255D81BA004B91E5 /* PBXContainerItemProxy */ = {
			isa = PBXContainerItemProxy;
			containerPortal = 1C175867255D81B9004B91E5 /* Project object */;
			proxyType = 1;
			remoteGlobalIDString = 1C17586E255D81B9004B91E5;
			remoteInfo = HW4;
		};
/* End PBXContainerItemProxy section */

/* Begin PBXFileReference section */
		068929ED2263AC443DF7DFB3 /* Pods_HW4_HW4UITests.framework */ = {isa = PBXFileReference; explicitFileType = wrapper.framework; includeInIndex = 0; path = Pods_HW4_HW4UITests.framework; sourceTree = BUILT_PRODUCTS_DIR; };
		0EFA43BF91A0A4F66F7CBC0F /* Pods_HW4.framework */ = {isa = PBXFileReference; explicitFileType = wrapper.framework; includeInIndex = 0; path = Pods_HW4.framework; sourceTree = BUILT_PRODUCTS_DIR; };
		1C17586F255D81B9004B91E5 /* HW4.app */ = {isa = PBXFileReference; explicitFileType = wrapper.application; includeInIndex = 0; path = HW4.app; sourceTree = BUILT_PRODUCTS_DIR; };
		1C175872255D81B9004B91E5 /* AppDelegate.swift */ = {isa = PBXFileReference; lastKnownFileType = sourcecode.swift; path = AppDelegate.swift; sourceTree = "<group>"; };
		1C175874255D81B9004B91E5 /* SceneDelegate.swift */ = {isa = PBXFileReference; lastKnownFileType = sourcecode.swift; path = SceneDelegate.swift; sourceTree = "<group>"; };
		1C175876255D81B9004B91E5 /* ProfileViewController.swift */ = {isa = PBXFileReference; lastKnownFileType = sourcecode.swift; path = ProfileViewController.swift; sourceTree = "<group>"; };
		1C175879255D81B9004B91E5 /* Base */ = {isa = PBXFileReference; lastKnownFileType = file.storyboard; name = Base; path = Base.lproj/Main.storyboard; sourceTree = "<group>"; };
		1C17587B255D81B9004B91E5 /* Assets.xcassets */ = {isa = PBXFileReference; lastKnownFileType = folder.assetcatalog; path = Assets.xcassets; sourceTree = "<group>"; };
		1C17587E255D81B9004B91E5 /* Base */ = {isa = PBXFileReference; lastKnownFileType = file.storyboard; name = Base; path = Base.lproj/LaunchScreen.storyboard; sourceTree = "<group>"; };
		1C175880255D81B9004B91E5 /* Info.plist */ = {isa = PBXFileReference; lastKnownFileType = text.plist.xml; path = Info.plist; sourceTree = "<group>"; };
		1C175885255D81BA004B91E5 /* HW4Tests.xctest */ = {isa = PBXFileReference; explicitFileType = wrapper.cfbundle; includeInIndex = 0; path = HW4Tests.xctest; sourceTree = BUILT_PRODUCTS_DIR; };
		1C175889255D81BA004B91E5 /* HW4Tests.swift */ = {isa = PBXFileReference; lastKnownFileType = sourcecode.swift; path = HW4Tests.swift; sourceTree = "<group>"; };
		1C17588B255D81BA004B91E5 /* Info.plist */ = {isa = PBXFileReference; lastKnownFileType = text.plist.xml; path = Info.plist; sourceTree = "<group>"; };
		1C175890255D81BA004B91E5 /* HW4UITests.xctest */ = {isa = PBXFileReference; explicitFileType = wrapper.cfbundle; includeInIndex = 0; path = HW4UITests.xctest; sourceTree = BUILT_PRODUCTS_DIR; };
		1C175894255D81BA004B91E5 /* HW4UITests.swift */ = {isa = PBXFileReference; lastKnownFileType = sourcecode.swift; path = HW4UITests.swift; sourceTree = "<group>"; };
		1C175896255D81BA004B91E5 /* Info.plist */ = {isa = PBXFileReference; lastKnownFileType = text.plist.xml; path = Info.plist; sourceTree = "<group>"; };
		1C1758A5255DA88F004B91E5 /* Constants.swift */ = {isa = PBXFileReference; lastKnownFileType = sourcecode.swift; path = Constants.swift; sourceTree = "<group>"; };
		1C1758B1255DA8FC004B91E5 /* Profile.swift */ = {isa = PBXFileReference; lastKnownFileType = sourcecode.swift; path = Profile.swift; sourceTree = "<group>"; };
		1C1758C0255DA93B004B91E5 /* ProfileCell.swift */ = {isa = PBXFileReference; lastKnownFileType = sourcecode.swift; path = ProfileCell.swift; sourceTree = "<group>"; };
		1C1758D0255DACCD004B91E5 /* BannerHeaderView.swift */ = {isa = PBXFileReference; lastKnownFileType = sourcecode.swift; path = BannerHeaderView.swift; sourceTree = "<group>"; };
		1C1758DB255DAE35004B91E5 /* MainViewController.swift */ = {isa = PBXFileReference; lastKnownFileType = sourcecode.swift; path = MainViewController.swift; sourceTree = "<group>"; };
		1C20401E255E64F900B31DE0 /* LoginViewController.swift */ = {isa = PBXFileReference; lastKnownFileType = sourcecode.swift; path = LoginViewController.swift; sourceTree = "<group>"; };
		600B1F37D9DFB7774AA4C65A /* Pods-HW4-HW4UITests.release.xcconfig */ = {isa = PBXFileReference; includeInIndex = 1; lastKnownFileType = text.xcconfig; name = "Pods-HW4-HW4UITests.release.xcconfig"; path = "Target Support Files/Pods-HW4-HW4UITests/Pods-HW4-HW4UITests.release.xcconfig"; sourceTree = "<group>"; };
		6495EFA278F957FA67A4A4C7 /* Pods-HW4.debug.xcconfig */ = {isa = PBXFileReference; includeInIndex = 1; lastKnownFileType = text.xcconfig; name = "Pods-HW4.debug.xcconfig"; path = "Target Support Files/Pods-HW4/Pods-HW4.debug.xcconfig"; sourceTree = "<group>"; };
		7D73AA3BAC51EC3536BB89EC /* Pods_HW4Tests.framework */ = {isa = PBXFileReference; explicitFileType = wrapper.framework; includeInIndex = 0; path = Pods_HW4Tests.framework; sourceTree = BUILT_PRODUCTS_DIR; };
		9B0B0D6C393B0DB82C6C03C5 /* Pods-HW4Tests.release.xcconfig */ = {isa = PBXFileReference; includeInIndex = 1; lastKnownFileType = text.xcconfig; name = "Pods-HW4Tests.release.xcconfig"; path = "Target Support Files/Pods-HW4Tests/Pods-HW4Tests.release.xcconfig"; sourceTree = "<group>"; };
		A16498ECAB581EB4B85540B8 /* Pods-HW4-HW4UITests.debug.xcconfig */ = {isa = PBXFileReference; includeInIndex = 1; lastKnownFileType = text.xcconfig; name = "Pods-HW4-HW4UITests.debug.xcconfig"; path = "Target Support Files/Pods-HW4-HW4UITests/Pods-HW4-HW4UITests.debug.xcconfig"; sourceTree = "<group>"; };
		C266B77F95812CBB868CBAB2 /* Pods-HW4Tests.debug.xcconfig */ = {isa = PBXFileReference; includeInIndex = 1; lastKnownFileType = text.xcconfig; name = "Pods-HW4Tests.debug.xcconfig"; path = "Target Support Files/Pods-HW4Tests/Pods-HW4Tests.debug.xcconfig"; sourceTree = "<group>"; };
		D4542F343C073D2C046CF17E /* Pods-HW4.release.xcconfig */ = {isa = PBXFileReference; includeInIndex = 1; lastKnownFileType = text.xcconfig; name = "Pods-HW4.release.xcconfig"; path = "Target Support Files/Pods-HW4/Pods-HW4.release.xcconfig"; sourceTree = "<group>"; };
/* End PBXFileReference section */

/* Begin PBXFrameworksBuildPhase section */
		1C17586C255D81B9004B91E5 /* Frameworks */ = {
			isa = PBXFrameworksBuildPhase;
			buildActionMask = 2147483647;
			files = (
				DDF3231EBA076F81A0DFB33C /* Pods_HW4.framework in Frameworks */,
			);
			runOnlyForDeploymentPostprocessing = 0;
		};
		1C175882255D81BA004B91E5 /* Frameworks */ = {
			isa = PBXFrameworksBuildPhase;
			buildActionMask = 2147483647;
			files = (
				6BCF93C8496348A7FD279528 /* Pods_HW4Tests.framework in Frameworks */,
			);
			runOnlyForDeploymentPostprocessing = 0;
		};
		1C17588D255D81BA004B91E5 /* Frameworks */ = {
			isa = PBXFrameworksBuildPhase;
			buildActionMask = 2147483647;
			files = (
				FF2345D80F147C8145CCFA6E /* Pods_HW4_HW4UITests.framework in Frameworks */,
			);
			runOnlyForDeploymentPostprocessing = 0;
		};
/* End PBXFrameworksBuildPhase section */

/* Begin PBXGroup section */
		1C175866255D81B9004B91E5 = {
			isa = PBXGroup;
			children = (
				1C175871255D81B9004B91E5 /* HW4 */,
				1C175888255D81BA004B91E5 /* HW4Tests */,
				1C175893255D81BA004B91E5 /* HW4UITests */,
				1C175870255D81B9004B91E5 /* Products */,
				83FF64CED9E1FD58FA7B03F4 /* Pods */,
				A0CC1516D5470676DF3765FA /* Frameworks */,
			);
			sourceTree = "<group>";
		};
		1C175870255D81B9004B91E5 /* Products */ = {
			isa = PBXGroup;
			children = (
				1C17586F255D81B9004B91E5 /* HW4.app */,
				1C175885255D81BA004B91E5 /* HW4Tests.xctest */,
				1C175890255D81BA004B91E5 /* HW4UITests.xctest */,
			);
			name = Products;
			sourceTree = "<group>";
		};
		1C175871255D81B9004B91E5 /* HW4 */ = {
			isa = PBXGroup;
			children = (
				1C175872255D81B9004B91E5 /* AppDelegate.swift */,
				1C175874255D81B9004B91E5 /* SceneDelegate.swift */,
				1C1758CC255DA993004B91E5 /* Controllers */,
				1C1758C5255DA96D004B91E5 /* Views */,
				1C17587B255D81B9004B91E5 /* Assets.xcassets */,
				1C17587D255D81B9004B91E5 /* LaunchScreen.storyboard */,
				1C175880255D81B9004B91E5 /* Info.plist */,
				1C1758A5255DA88F004B91E5 /* Constants.swift */,
				1C1758B9255DA90C004B91E5 /* Models */,
			);
			path = HW4;
			sourceTree = "<group>";
		};
		1C175888255D81BA004B91E5 /* HW4Tests */ = {
			isa = PBXGroup;
			children = (
				1C175889255D81BA004B91E5 /* HW4Tests.swift */,
				1C17588B255D81BA004B91E5 /* Info.plist */,
			);
			path = HW4Tests;
			sourceTree = "<group>";
		};
		1C175893255D81BA004B91E5 /* HW4UITests */ = {
			isa = PBXGroup;
			children = (
				1C175894255D81BA004B91E5 /* HW4UITests.swift */,
				1C175896255D81BA004B91E5 /* Info.plist */,
			);
			path = HW4UITests;
			sourceTree = "<group>";
		};
		1C1758B9255DA90C004B91E5 /* Models */ = {
			isa = PBXGroup;
			children = (
				1C1758B1255DA8FC004B91E5 /* Profile.swift */,
			);
			path = Models;
			sourceTree = "<group>";
		};
		1C1758C5255DA96D004B91E5 /* Views */ = {
			isa = PBXGroup;
			children = (
				1C175878255D81B9004B91E5 /* Main.storyboard */,
				1C1758C0255DA93B004B91E5 /* ProfileCell.swift */,
				1C1758D0255DACCD004B91E5 /* BannerHeaderView.swift */,
			);
			path = Views;
			sourceTree = "<group>";
		};
		1C1758CC255DA993004B91E5 /* Controllers */ = {
			isa = PBXGroup;
			children = (
				1C175876255D81B9004B91E5 /* ProfileViewController.swift */,
				1C1758DB255DAE35004B91E5 /* MainViewController.swift */,
				1C20401E255E64F900B31DE0 /* LoginViewController.swift */,
			);
			path = Controllers;
			sourceTree = "<group>";
		};
		83FF64CED9E1FD58FA7B03F4 /* Pods */ = {
			isa = PBXGroup;
			children = (
				6495EFA278F957FA67A4A4C7 /* Pods-HW4.debug.xcconfig */,
				D4542F343C073D2C046CF17E /* Pods-HW4.release.xcconfig */,
				A16498ECAB581EB4B85540B8 /* Pods-HW4-HW4UITests.debug.xcconfig */,
				600B1F37D9DFB7774AA4C65A /* Pods-HW4-HW4UITests.release.xcconfig */,
				C266B77F95812CBB868CBAB2 /* Pods-HW4Tests.debug.xcconfig */,
				9B0B0D6C393B0DB82C6C03C5 /* Pods-HW4Tests.release.xcconfig */,
			);
			name = Pods;
			path = Pods;
			sourceTree = "<group>";
		};
		A0CC1516D5470676DF3765FA /* Frameworks */ = {
			isa = PBXGroup;
			children = (
				0EFA43BF91A0A4F66F7CBC0F /* Pods_HW4.framework */,
				068929ED2263AC443DF7DFB3 /* Pods_HW4_HW4UITests.framework */,
				7D73AA3BAC51EC3536BB89EC /* Pods_HW4Tests.framework */,
			);
			name = Frameworks;
			sourceTree = "<group>";
		};
/* End PBXGroup section */

/* Begin PBXNativeTarget section */
		1C17586E255D81B9004B91E5 /* HW4 */ = {
			isa = PBXNativeTarget;
			buildConfigurationList = 1C175899255D81BA004B91E5 /* Build configuration list for PBXNativeTarget "HW4" */;
			buildPhases = (
				CA020B271A6B4F3889CE4209 /* [CP] Check Pods Manifest.lock */,
				1C17586B255D81B9004B91E5 /* Sources */,
				1C17586C255D81B9004B91E5 /* Frameworks */,
				1C17586D255D81B9004B91E5 /* Resources */,
				2D391E882B348FDB1658194F /* [CP] Embed Pods Frameworks */,
			);
			buildRules = (
			);
			dependencies = (
			);
			name = HW4;
			productName = HW4;
			productReference = 1C17586F255D81B9004B91E5 /* HW4.app */;
			productType = "com.apple.product-type.application";
		};
		1C175884255D81BA004B91E5 /* HW4Tests */ = {
			isa = PBXNativeTarget;
			buildConfigurationList = 1C17589C255D81BA004B91E5 /* Build configuration list for PBXNativeTarget "HW4Tests" */;
			buildPhases = (
				4BED6DB33640E419440FD476 /* [CP] Check Pods Manifest.lock */,
				1C175881255D81BA004B91E5 /* Sources */,
				1C175882255D81BA004B91E5 /* Frameworks */,
				1C175883255D81BA004B91E5 /* Resources */,
			);
			buildRules = (
			);
			dependencies = (
				1C175887255D81BA004B91E5 /* PBXTargetDependency */,
			);
			name = HW4Tests;
			productName = HW4Tests;
			productReference = 1C175885255D81BA004B91E5 /* HW4Tests.xctest */;
			productType = "com.apple.product-type.bundle.unit-test";
		};
		1C17588F255D81BA004B91E5 /* HW4UITests */ = {
			isa = PBXNativeTarget;
			buildConfigurationList = 1C17589F255D81BA004B91E5 /* Build configuration list for PBXNativeTarget "HW4UITests" */;
			buildPhases = (
				C246FD8D2E4E2645B51851D3 /* [CP] Check Pods Manifest.lock */,
				1C17588C255D81BA004B91E5 /* Sources */,
				1C17588D255D81BA004B91E5 /* Frameworks */,
				1C17588E255D81BA004B91E5 /* Resources */,
				9A243C26F5AE7D293DE80367 /* [CP] Embed Pods Frameworks */,
			);
			buildRules = (
			);
			dependencies = (
				1C175892255D81BA004B91E5 /* PBXTargetDependency */,
			);
			name = HW4UITests;
			productName = HW4UITests;
			productReference = 1C175890255D81BA004B91E5 /* HW4UITests.xctest */;
			productType = "com.apple.product-type.bundle.ui-testing";
		};
/* End PBXNativeTarget section */

/* Begin PBXProject section */
		1C175867255D81B9004B91E5 /* Project object */ = {
			isa = PBXProject;
			attributes = {
				LastSwiftUpdateCheck = 1210;
				LastUpgradeCheck = 1210;
				TargetAttributes = {
					1C17586E255D81B9004B91E5 = {
						CreatedOnToolsVersion = 12.1;
					};
					1C175884255D81BA004B91E5 = {
						CreatedOnToolsVersion = 12.1;
						TestTargetID = 1C17586E255D81B9004B91E5;
					};
					1C17588F255D81BA004B91E5 = {
						CreatedOnToolsVersion = 12.1;
						TestTargetID = 1C17586E255D81B9004B91E5;
					};
				};
			};
			buildConfigurationList = 1C17586A255D81B9004B91E5 /* Build configuration list for PBXProject "HW4" */;
			compatibilityVersion = "Xcode 9.3";
			developmentRegion = en;
			hasScannedForEncodings = 0;
			knownRegions = (
				en,
				Base,
			);
			mainGroup = 1C175866255D81B9004B91E5;
			productRefGroup = 1C175870255D81B9004B91E5 /* Products */;
			projectDirPath = "";
			projectRoot = "";
			targets = (
				1C17586E255D81B9004B91E5 /* HW4 */,
				1C175884255D81BA004B91E5 /* HW4Tests */,
				1C17588F255D81BA004B91E5 /* HW4UITests */,
			);
		};
/* End PBXProject section */

/* Begin PBXResourcesBuildPhase section */
		1C17586D255D81B9004B91E5 /* Resources */ = {
			isa = PBXResourcesBuildPhase;
			buildActionMask = 2147483647;
			files = (
				1C17587F255D81B9004B91E5 /* LaunchScreen.storyboard in Resources */,
				1C17587C255D81B9004B91E5 /* Assets.xcassets in Resources */,
				1C17587A255D81B9004B91E5 /* Main.storyboard in Resources */,
			);
			runOnlyForDeploymentPostprocessing = 0;
		};
		1C175883255D81BA004B91E5 /* Resources */ = {
			isa = PBXResourcesBuildPhase;
			buildActionMask = 2147483647;
			files = (
			);
			runOnlyForDeploymentPostprocessing = 0;
		};
		1C17588E255D81BA004B91E5 /* Resources */ = {
			isa = PBXResourcesBuildPhase;
			buildActionMask = 2147483647;
			files = (
			);
			runOnlyForDeploymentPostprocessing = 0;
		};
/* End PBXResourcesBuildPhase section */

/* Begin PBXShellScriptBuildPhase section */
		2D391E882B348FDB1658194F /* [CP] Embed Pods Frameworks */ = {
			isa = PBXShellScriptBuildPhase;
			buildActionMask = 2147483647;
			files = (
			);
			inputFileListPaths = (
				"${PODS_ROOT}/Target Support Files/Pods-HW4/Pods-HW4-frameworks-${CONFIGURATION}-input-files.xcfilelist",
			);
			name = "[CP] Embed Pods Frameworks";
			outputFileListPaths = (
				"${PODS_ROOT}/Target Support Files/Pods-HW4/Pods-HW4-frameworks-${CONFIGURATION}-output-files.xcfilelist",
			);
			runOnlyForDeploymentPostprocessing = 0;
			shellPath = /bin/sh;
			shellScript = "\"${PODS_ROOT}/Target Support Files/Pods-HW4/Pods-HW4-frameworks.sh\"\n";
			showEnvVarsInLog = 0;
		};
		4BED6DB33640E419440FD476 /* [CP] Check Pods Manifest.lock */ = {
			isa = PBXShellScriptBuildPhase;
			buildActionMask = 2147483647;
			files = (
			);
			inputFileListPaths = (
			);
			inputPaths = (
				"${PODS_PODFILE_DIR_PATH}/Podfile.lock",
				"${PODS_ROOT}/Manifest.lock",
			);
			name = "[CP] Check Pods Manifest.lock";
			outputFileListPaths = (
			);
			outputPaths = (
				"$(DERIVED_FILE_DIR)/Pods-HW4Tests-checkManifestLockResult.txt",
			);
			runOnlyForDeploymentPostprocessing = 0;
			shellPath = /bin/sh;
			shellScript = "diff \"${PODS_PODFILE_DIR_PATH}/Podfile.lock\" \"${PODS_ROOT}/Manifest.lock\" > /dev/null\nif [ $? != 0 ] ; then\n    # print error to STDERR\n    echo \"error: The sandbox is not in sync with the Podfile.lock. Run 'pod install' or update your CocoaPods installation.\" >&2\n    exit 1\nfi\n# This output is used by Xcode 'outputs' to avoid re-running this script phase.\necho \"SUCCESS\" > \"${SCRIPT_OUTPUT_FILE_0}\"\n";
			showEnvVarsInLog = 0;
		};
		9A243C26F5AE7D293DE80367 /* [CP] Embed Pods Frameworks */ = {
			isa = PBXShellScriptBuildPhase;
			buildActionMask = 2147483647;
			files = (
			);
			inputFileListPaths = (
				"${PODS_ROOT}/Target Support Files/Pods-HW4-HW4UITests/Pods-HW4-HW4UITests-frameworks-${CONFIGURATION}-input-files.xcfilelist",
			);
			name = "[CP] Embed Pods Frameworks";
			outputFileListPaths = (
				"${PODS_ROOT}/Target Support Files/Pods-HW4-HW4UITests/Pods-HW4-HW4UITests-frameworks-${CONFIGURATION}-output-files.xcfilelist",
			);
			runOnlyForDeploymentPostprocessing = 0;
			shellPath = /bin/sh;
			shellScript = "\"${PODS_ROOT}/Target Support Files/Pods-HW4-HW4UITests/Pods-HW4-HW4UITests-frameworks.sh\"\n";
			showEnvVarsInLog = 0;
		};
		C246FD8D2E4E2645B51851D3 /* [CP] Check Pods Manifest.lock */ = {
			isa = PBXShellScriptBuildPhase;
			buildActionMask = 2147483647;
			files = (
			);
			inputFileListPaths = (
			);
			inputPaths = (
				"${PODS_PODFILE_DIR_PATH}/Podfile.lock",
				"${PODS_ROOT}/Manifest.lock",
			);
			name = "[CP] Check Pods Manifest.lock";
			outputFileListPaths = (
			);
			outputPaths = (
				"$(DERIVED_FILE_DIR)/Pods-HW4-HW4UITests-checkManifestLockResult.txt",
			);
			runOnlyForDeploymentPostprocessing = 0;
			shellPath = /bin/sh;
			shellScript = "diff \"${PODS_PODFILE_DIR_PATH}/Podfile.lock\" \"${PODS_ROOT}/Manifest.lock\" > /dev/null\nif [ $? != 0 ] ; then\n    # print error to STDERR\n    echo \"error: The sandbox is not in sync with the Podfile.lock. Run 'pod install' or update your CocoaPods installation.\" >&2\n    exit 1\nfi\n# This output is used by Xcode 'outputs' to avoid re-running this script phase.\necho \"SUCCESS\" > \"${SCRIPT_OUTPUT_FILE_0}\"\n";
			showEnvVarsInLog = 0;
		};
		CA020B271A6B4F3889CE4209 /* [CP] Check Pods Manifest.lock */ = {
			isa = PBXShellScriptBuildPhase;
			buildActionMask = 2147483647;
			files = (
			);
			inputFileListPaths = (
			);
			inputPaths = (
				"${PODS_PODFILE_DIR_PATH}/Podfile.lock",
				"${PODS_ROOT}/Manifest.lock",
			);
			name = "[CP] Check Pods Manifest.lock";
			outputFileListPaths = (
			);
			outputPaths = (
				"$(DERIVED_FILE_DIR)/Pods-HW4-checkManifestLockResult.txt",
			);
			runOnlyForDeploymentPostprocessing = 0;
			shellPath = /bin/sh;
			shellScript = "diff \"${PODS_PODFILE_DIR_PATH}/Podfile.lock\" \"${PODS_ROOT}/Manifest.lock\" > /dev/null\nif [ $? != 0 ] ; then\n    # print error to STDERR\n    echo \"error: The sandbox is not in sync with the Podfile.lock. Run 'pod install' or update your CocoaPods installation.\" >&2\n    exit 1\nfi\n# This output is used by Xcode 'outputs' to avoid re-running this script phase.\necho \"SUCCESS\" > \"${SCRIPT_OUTPUT_FILE_0}\"\n";
			showEnvVarsInLog = 0;
		};
/* End PBXShellScriptBuildPhase section */

/* Begin PBXSourcesBuildPhase section */
		1C17586B255D81B9004B91E5 /* Sources */ = {
			isa = PBXSourcesBuildPhase;
			buildActionMask = 2147483647;
			files = (
				1C20401F255E64F900B31DE0 /* LoginViewController.swift in Sources */,
				1C175877255D81B9004B91E5 /* ProfileViewController.swift in Sources */,
				1C1758B2255DA8FC004B91E5 /* Profile.swift in Sources */,
				1C1758D1255DACCD004B91E5 /* BannerHeaderView.swift in Sources */,
				1C175873255D81B9004B91E5 /* AppDelegate.swift in Sources */,
				1C1758C1255DA93B004B91E5 /* ProfileCell.swift in Sources */,
				1C175875255D81B9004B91E5 /* SceneDelegate.swift in Sources */,
				1C1758A6255DA88F004B91E5 /* Constants.swift in Sources */,
				1C1758DC255DAE35004B91E5 /* MainViewController.swift in Sources */,
			);
			runOnlyForDeploymentPostprocessing = 0;
		};
		1C175881255D81BA004B91E5 /* Sources */ = {
			isa = PBXSourcesBuildPhase;
			buildActionMask = 2147483647;
			files = (
				1C17588A255D81BA004B91E5 /* HW4Tests.swift in Sources */,
			);
			runOnlyForDeploymentPostprocessing = 0;
		};
		1C17588C255D81BA004B91E5 /* Sources */ = {
			isa = PBXSourcesBuildPhase;
			buildActionMask = 2147483647;
			files = (
				1C175895255D81BA004B91E5 /* HW4UITests.swift in Sources */,
			);
			runOnlyForDeploymentPostprocessing = 0;
		};
/* End PBXSourcesBuildPhase section */

/* Begin PBXTargetDependency section */
		1C175887255D81BA004B91E5 /* PBXTargetDependency */ = {
			isa = PBXTargetDependency;
			target = 1C17586E255D81B9004B91E5 /* HW4 */;
			targetProxy = 1C175886255D81BA004B91E5 /* PBXContainerItemProxy */;
		};
		1C175892255D81BA004B91E5 /* PBXTargetDependency */ = {
			isa = PBXTargetDependency;
			target = 1C17586E255D81B9004B91E5 /* HW4 */;
			targetProxy = 1C175891255D81BA004B91E5 /* PBXContainerItemProxy */;
		};
/* End PBXTargetDependency section */

/* Begin PBXVariantGroup section */
		1C175878255D81B9004B91E5 /* Main.storyboard */ = {
			isa = PBXVariantGroup;
			children = (
				1C175879255D81B9004B91E5 /* Base */,
			);
			name = Main.storyboard;
			sourceTree = "<group>";
		};
		1C17587D255D81B9004B91E5 /* LaunchScreen.storyboard */ = {
			isa = PBXVariantGroup;
			children = (
				1C17587E255D81B9004B91E5 /* Base */,
			);
			name = LaunchScreen.storyboard;
			sourceTree = "<group>";
		};
/* End PBXVariantGroup section */

/* Begin XCBuildConfiguration section */
		1C175897255D81BA004B91E5 /* Debug */ = {
			isa = XCBuildConfiguration;
			buildSettings = {
				ALWAYS_SEARCH_USER_PATHS = NO;
				CLANG_ANALYZER_NONNULL = YES;
				CLANG_ANALYZER_NUMBER_OBJECT_CONVERSION = YES_AGGRESSIVE;
				CLANG_CXX_LANGUAGE_STANDARD = "gnu++14";
				CLANG_CXX_LIBRARY = "libc++";
				CLANG_ENABLE_MODULES = YES;
				CLANG_ENABLE_OBJC_ARC = YES;
				CLANG_ENABLE_OBJC_WEAK = YES;
				CLANG_WARN_BLOCK_CAPTURE_AUTORELEASING = YES;
				CLANG_WARN_BOOL_CONVERSION = YES;
				CLANG_WARN_COMMA = YES;
				CLANG_WARN_CONSTANT_CONVERSION = YES;
				CLANG_WARN_DEPRECATED_OBJC_IMPLEMENTATIONS = YES;
				CLANG_WARN_DIRECT_OBJC_ISA_USAGE = YES_ERROR;
				CLANG_WARN_DOCUMENTATION_COMMENTS = YES;
				CLANG_WARN_EMPTY_BODY = YES;
				CLANG_WARN_ENUM_CONVERSION = YES;
				CLANG_WARN_INFINITE_RECURSION = YES;
				CLANG_WARN_INT_CONVERSION = YES;
				CLANG_WARN_NON_LITERAL_NULL_CONVERSION = YES;
				CLANG_WARN_OBJC_IMPLICIT_RETAIN_SELF = YES;
				CLANG_WARN_OBJC_LITERAL_CONVERSION = YES;
				CLANG_WARN_OBJC_ROOT_CLASS = YES_ERROR;
				CLANG_WARN_QUOTED_INCLUDE_IN_FRAMEWORK_HEADER = YES;
				CLANG_WARN_RANGE_LOOP_ANALYSIS = YES;
				CLANG_WARN_STRICT_PROTOTYPES = YES;
				CLANG_WARN_SUSPICIOUS_MOVE = YES;
				CLANG_WARN_UNGUARDED_AVAILABILITY = YES_AGGRESSIVE;
				CLANG_WARN_UNREACHABLE_CODE = YES;
				CLANG_WARN__DUPLICATE_METHOD_MATCH = YES;
				COPY_PHASE_STRIP = NO;
				DEBUG_INFORMATION_FORMAT = dwarf;
				ENABLE_STRICT_OBJC_MSGSEND = YES;
				ENABLE_TESTABILITY = YES;
				GCC_C_LANGUAGE_STANDARD = gnu11;
				GCC_DYNAMIC_NO_PIC = NO;
				GCC_NO_COMMON_BLOCKS = YES;
				GCC_OPTIMIZATION_LEVEL = 0;
				GCC_PREPROCESSOR_DEFINITIONS = (
					"DEBUG=1",
					"$(inherited)",
				);
				GCC_WARN_64_TO_32_BIT_CONVERSION = YES;
				GCC_WARN_ABOUT_RETURN_TYPE = YES_ERROR;
				GCC_WARN_UNDECLARED_SELECTOR = YES;
				GCC_WARN_UNINITIALIZED_AUTOS = YES_AGGRESSIVE;
				GCC_WARN_UNUSED_FUNCTION = YES;
				GCC_WARN_UNUSED_VARIABLE = YES;
				IPHONEOS_DEPLOYMENT_TARGET = 14.1;
				MTL_ENABLE_DEBUG_INFO = INCLUDE_SOURCE;
				MTL_FAST_MATH = YES;
				ONLY_ACTIVE_ARCH = YES;
				SDKROOT = iphoneos;
				SWIFT_ACTIVE_COMPILATION_CONDITIONS = DEBUG;
				SWIFT_OPTIMIZATION_LEVEL = "-Onone";
			};
			name = Debug;
		};
		1C175898255D81BA004B91E5 /* Release */ = {
			isa = XCBuildConfiguration;
			buildSettings = {
				ALWAYS_SEARCH_USER_PATHS = NO;
				CLANG_ANALYZER_NONNULL = YES;
				CLANG_ANALYZER_NUMBER_OBJECT_CONVERSION = YES_AGGRESSIVE;
				CLANG_CXX_LANGUAGE_STANDARD = "gnu++14";
				CLANG_CXX_LIBRARY = "libc++";
				CLANG_ENABLE_MODULES = YES;
				CLANG_ENABLE_OBJC_ARC = YES;
				CLANG_ENABLE_OBJC_WEAK = YES;
				CLANG_WARN_BLOCK_CAPTURE_AUTORELEASING = YES;
				CLANG_WARN_BOOL_CONVERSION = YES;
				CLANG_WARN_COMMA = YES;
				CLANG_WARN_CONSTANT_CONVERSION = YES;
				CLANG_WARN_DEPRECATED_OBJC_IMPLEMENTATIONS = YES;
				CLANG_WARN_DIRECT_OBJC_ISA_USAGE = YES_ERROR;
				CLANG_WARN_DOCUMENTATION_COMMENTS = YES;
				CLANG_WARN_EMPTY_BODY = YES;
				CLANG_WARN_ENUM_CONVERSION = YES;
				CLANG_WARN_INFINITE_RECURSION = YES;
				CLANG_WARN_INT_CONVERSION = YES;
				CLANG_WARN_NON_LITERAL_NULL_CONVERSION = YES;
				CLANG_WARN_OBJC_IMPLICIT_RETAIN_SELF = YES;
				CLANG_WARN_OBJC_LITERAL_CONVERSION = YES;
				CLANG_WARN_OBJC_ROOT_CLASS = YES_ERROR;
				CLANG_WARN_QUOTED_INCLUDE_IN_FRAMEWORK_HEADER = YES;
				CLANG_WARN_RANGE_LOOP_ANALYSIS = YES;
				CLANG_WARN_STRICT_PROTOTYPES = YES;
				CLANG_WARN_SUSPICIOUS_MOVE = YES;
				CLANG_WARN_UNGUARDED_AVAILABILITY = YES_AGGRESSIVE;
				CLANG_WARN_UNREACHABLE_CODE = YES;
				CLANG_WARN__DUPLICATE_METHOD_MATCH = YES;
				COPY_PHASE_STRIP = NO;
				DEBUG_INFORMATION_FORMAT = "dwarf-with-dsym";
				ENABLE_NS_ASSERTIONS = NO;
				ENABLE_STRICT_OBJC_MSGSEND = YES;
				GCC_C_LANGUAGE_STANDARD = gnu11;
				GCC_NO_COMMON_BLOCKS = YES;
				GCC_WARN_64_TO_32_BIT_CONVERSION = YES;
				GCC_WARN_ABOUT_RETURN_TYPE = YES_ERROR;
				GCC_WARN_UNDECLARED_SELECTOR = YES;
				GCC_WARN_UNINITIALIZED_AUTOS = YES_AGGRESSIVE;
				GCC_WARN_UNUSED_FUNCTION = YES;
				GCC_WARN_UNUSED_VARIABLE = YES;
				IPHONEOS_DEPLOYMENT_TARGET = 14.1;
				MTL_ENABLE_DEBUG_INFO = NO;
				MTL_FAST_MATH = YES;
				SDKROOT = iphoneos;
				SWIFT_COMPILATION_MODE = wholemodule;
				SWIFT_OPTIMIZATION_LEVEL = "-O";
				VALIDATE_PRODUCT = YES;
			};
			name = Release;
		};
		1C17589A255D81BA004B91E5 /* Debug */ = {
			isa = XCBuildConfiguration;
			baseConfigurationReference = 6495EFA278F957FA67A4A4C7 /* Pods-HW4.debug.xcconfig */;
			buildSettings = {
				ASSETCATALOG_COMPILER_APPICON_NAME = AppIcon;
				ASSETCATALOG_COMPILER_GLOBAL_ACCENT_COLOR_NAME = AccentColor;
				CODE_SIGN_STYLE = Automatic;
				INFOPLIST_FILE = HW4/Info.plist;
				LD_RUNPATH_SEARCH_PATHS = (
					"$(inherited)",
					"@executable_path/Frameworks",
				);
				PRODUCT_BUNDLE_IDENTIFIER = haeseok.HW4;
				PRODUCT_NAME = "$(TARGET_NAME)";
				SWIFT_VERSION = 5.0;
				TARGETED_DEVICE_FAMILY = "1,2";
			};
			name = Debug;
		};
		1C17589B255D81BA004B91E5 /* Release */ = {
			isa = XCBuildConfiguration;
			baseConfigurationReference = D4542F343C073D2C046CF17E /* Pods-HW4.release.xcconfig */;
			buildSettings = {
				ASSETCATALOG_COMPILER_APPICON_NAME = AppIcon;
				ASSETCATALOG_COMPILER_GLOBAL_ACCENT_COLOR_NAME = AccentColor;
				CODE_SIGN_STYLE = Automatic;
				INFOPLIST_FILE = HW4/Info.plist;
				LD_RUNPATH_SEARCH_PATHS = (
					"$(inherited)",
					"@executable_path/Frameworks",
				);
				PRODUCT_BUNDLE_IDENTIFIER = haeseok.HW4;
				PRODUCT_NAME = "$(TARGET_NAME)";
				SWIFT_VERSION = 5.0;
				TARGETED_DEVICE_FAMILY = "1,2";
			};
			name = Release;
		};
		1C17589D255D81BA004B91E5 /* Debug */ = {
			isa = XCBuildConfiguration;
			baseConfigurationReference = C266B77F95812CBB868CBAB2 /* Pods-HW4Tests.debug.xcconfig */;
			buildSettings = {
				ALWAYS_EMBED_SWIFT_STANDARD_LIBRARIES = YES;
				BUNDLE_LOADER = "$(TEST_HOST)";
				CODE_SIGN_STYLE = Automatic;
				INFOPLIST_FILE = HW4Tests/Info.plist;
				IPHONEOS_DEPLOYMENT_TARGET = 14.1;
				LD_RUNPATH_SEARCH_PATHS = (
					"$(inherited)",
					"@executable_path/Frameworks",
					"@loader_path/Frameworks",
				);
				PRODUCT_BUNDLE_IDENTIFIER = haeseok.HW4Tests;
				PRODUCT_NAME = "$(TARGET_NAME)";
				SWIFT_VERSION = 5.0;
				TARGETED_DEVICE_FAMILY = "1,2";
				TEST_HOST = "$(BUILT_PRODUCTS_DIR)/HW4.app/HW4";
			};
			name = Debug;
		};
		1C17589E255D81BA004B91E5 /* Release */ = {
			isa = XCBuildConfiguration;
			baseConfigurationReference = 9B0B0D6C393B0DB82C6C03C5 /* Pods-HW4Tests.release.xcconfig */;
			buildSettings = {
				ALWAYS_EMBED_SWIFT_STANDARD_LIBRARIES = YES;
				BUNDLE_LOADER = "$(TEST_HOST)";
				CODE_SIGN_STYLE = Automatic;
				INFOPLIST_FILE = HW4Tests/Info.plist;
				IPHONEOS_DEPLOYMENT_TARGET = 14.1;
				LD_RUNPATH_SEARCH_PATHS = (
					"$(inherited)",
					"@executable_path/Frameworks",
					"@loader_path/Frameworks",
				);
				PRODUCT_BUNDLE_IDENTIFIER = haeseok.HW4Tests;
				PRODUCT_NAME = "$(TARGET_NAME)";
				SWIFT_VERSION = 5.0;
				TARGETED_DEVICE_FAMILY = "1,2";
				TEST_HOST = "$(BUILT_PRODUCTS_DIR)/HW4.app/HW4";
			};
			name = Release;
		};
		1C1758A0255D81BA004B91E5 /* Debug */ = {
			isa = XCBuildConfiguration;
			baseConfigurationReference = A16498ECAB581EB4B85540B8 /* Pods-HW4-HW4UITests.debug.xcconfig */;
			buildSettings = {
				ALWAYS_EMBED_SWIFT_STANDARD_LIBRARIES = YES;
				CODE_SIGN_STYLE = Automatic;
				INFOPLIST_FILE = HW4UITests/Info.plist;
				LD_RUNPATH_SEARCH_PATHS = (
					"$(inherited)",
					"@executable_path/Frameworks",
					"@loader_path/Frameworks",
				);
				PRODUCT_BUNDLE_IDENTIFIER = haeseok.HW4UITests;
				PRODUCT_NAME = "$(TARGET_NAME)";
				SWIFT_VERSION = 5.0;
				TARGETED_DEVICE_FAMILY = "1,2";
				TEST_TARGET_NAME = HW4;
			};
			name = Debug;
		};
		1C1758A1255D81BA004B91E5 /* Release */ = {
			isa = XCBuildConfiguration;
			baseConfigurationReference = 600B1F37D9DFB7774AA4C65A /* Pods-HW4-HW4UITests.release.xcconfig */;
			buildSettings = {
				ALWAYS_EMBED_SWIFT_STANDARD_LIBRARIES = YES;
				CODE_SIGN_STYLE = Automatic;
				INFOPLIST_FILE = HW4UITests/Info.plist;
				LD_RUNPATH_SEARCH_PATHS = (
					"$(inherited)",
					"@executable_path/Frameworks",
					"@loader_path/Frameworks",
				);
				PRODUCT_BUNDLE_IDENTIFIER = haeseok.HW4UITests;
				PRODUCT_NAME = "$(TARGET_NAME)";
				SWIFT_VERSION = 5.0;
				TARGETED_DEVICE_FAMILY = "1,2";
				TEST_TARGET_NAME = HW4;
			};
			name = Release;
		};
/* End XCBuildConfiguration section */

/* Begin XCConfigurationList section */
		1C17586A255D81B9004B91E5 /* Build configuration list for PBXProject "HW4" */ = {
			isa = XCConfigurationList;
			buildConfigurations = (
				1C175897255D81BA004B91E5 /* Debug */,
				1C175898255D81BA004B91E5 /* Release */,
			);
			defaultConfigurationIsVisible = 0;
			defaultConfigurationName = Release;
		};
		1C175899255D81BA004B91E5 /* Build configuration list for PBXNativeTarget "HW4" */ = {
			isa = XCConfigurationList;
			buildConfigurations = (
				1C17589A255D81BA004B91E5 /* Debug */,
				1C17589B255D81BA004B91E5 /* Release */,
			);
			defaultConfigurationIsVisible = 0;
			defaultConfigurationName = Release;
		};
		1C17589C255D81BA004B91E5 /* Build configuration list for PBXNativeTarget "HW4Tests" */ = {
			isa = XCConfigurationList;
			buildConfigurations = (
				1C17589D255D81BA004B91E5 /* Debug */,
				1C17589E255D81BA004B91E5 /* Release */,
			);
			defaultConfigurationIsVisible = 0;
			defaultConfigurationName = Release;
		};
		1C17589F255D81BA004B91E5 /* Build configuration list for PBXNativeTarget "HW4UITests" */ = {
			isa = XCConfigurationList;
			buildConfigurations = (
				1C1758A0255D81BA004B91E5 /* Debug */,
				1C1758A1255D81BA004B91E5 /* Release */,
			);
			defaultConfigurationIsVisible = 0;
			defaultConfigurationName = Release;
		};
/* End XCConfigurationList section */
	};
	rootObject = 1C175867255D81B9004B91E5 /* Project object */;
}
